
Microsoft Visual Studio Solution File, Format Version 12.00
# Visual Studio Version 16
VisualStudioVersion = 16.0.30907.101
MinimumVisualStudioVersion = 10.0.40219.1
Project("{FAE04EC0-301F-11D3-BF4B-00C04F79EFBC}") = "Blockify", "Blockify.csproj", "{FD2EA561-F7C3-4C0A-ADFA-63939E0832BF}"
EndProject
Global
	GlobalSection(SolutionConfigurationPlatforms) = preSolution
		Debug|Any CPU = Debug|Any CPU
		Release|Any CPU = Release|Any CPU
	EndGlobalSection
	GlobalSection(ProjectConfigurationPlatforms) = postSolution
		{FD2EA561-F7C3-4C0A-ADFA-63939E0832BF}.Debug|Any CPU.ActiveCfg = Debug|Any CPU
		{FD2EA561-F7C3-4C0A-ADFA-63939E0832BF}.Debug|Any CPU.Build.0 = Debug|Any CPU
		{FD2EA561-F7C3-4C0A-ADFA-63939E0832BF}.Release|Any CPU.ActiveCfg = Release|Any CPU
		{FD2EA561-F7C3-4C0A-ADFA-63939E0832BF}.Release|Any CPU.Build.0 = Release|Any CPU
	EndGlobalSection
	GlobalSection(SolutionProperties) = preSolution
		HideSolutionNode = FALSE
	EndGlobalSection
	GlobalSection(ExtensibilityGlobals) = postSolution
		SolutionGuid = {D7FC6F6B-A91D-4367-A691-07A5483CFC4E}
	EndGlobalSection
EndGlobal
